Microsoft Visual Studio Solution File, Format Version 12.00
# Visual Studio 15
VisualStudioVersion = 15.0.28010.2003
MinimumVisualStudioVersion = 10.0.40219.1
Project("{9A19103F-16F7-4668-BE54-9A1E7A4F7556}") = "UnicornigotchiApi", "UnicornigotchiApi\UnicornigotchiApi.csproj", "{53B51097-BF86-4D54-8EF8-BEB9F18A92DC}"
EndProject
Global
	GlobalSection(SolutionConfigurationPlatforms) = preSolution
		Debug|Any CPU = Debug|Any CPU
		Release|Any CPU = Release|Any CPU
	EndGlobalSection
	GlobalSection(ProjectConfigurationPlatforms) = postSolution
		{53B51097-BF86-4D54-8EF8-BEB9F18A92DC}.Debug|Any CPU.ActiveCfg = Debug|Any CPU
		{53B51097-BF86-4D54-8EF8-BEB9F18A92DC}.Debug|Any CPU.Build.0 = Debug|Any CPU
		{53B51097-BF86-4D54-8EF8-BEB9F18A92DC}.Release|Any CPU.ActiveCfg = Release|Any CPU
		{53B51097-BF86-4D54-8EF8-BEB9F18A92DC}.Release|Any CPU.Build.0 = Release|Any CPU
	EndGlobalSection
	GlobalSection(SolutionProperties) = preSolution
		HideSolutionNode = FALSE
	EndGlobalSection
	GlobalSection(ExtensibilityGlobals) = postSolution
		SolutionGuid = {343223D4-64F5-4D1E-8496-2E476F4603F8}
	EndGlobalSection
EndGlobal
